github.com/emtabb/espace v1.0.0 h1:I9lKhPt2JTPwcpSPIDZopEoigVXWDepk9CldYfP55Ys=
github.com/emtabb/espace v1.0.0/go.mod h1:UzbhZWpay0jmBDAgbkajqB6cFf3S+Bd09i3mu1+ENd8=
github.com/emtabb/field v1.0.0 h1:6+RyWU3DuBXMUyMh286aribYFlyIKQ5zPRshaoppw/Q=
github.com/emtabb/field v1.0.0/go.mod h1:m6tlhtNFRkTuFJD8lbJzdqITNZYeNG9GZIO8btzEUY8=
